
Microsoft Visual Studio Solution File, Format Version 12.00
# Visual Studio Version 17
VisualStudioVersion = 17.2.32616.157
MinimumVisualStudioVersion = 10.0.40219.1
Project("{8BC9CEB8-8B4A-11D0-8D11-00A0C91BC942}") = "链队列", "链队列.vcxproj", "{E791C011-ED31-43C1-9510-92DFF5535318}"
EndProject
Global
	GlobalSection(SolutionConfigurationPlatforms) = preSolution
		Debug|x64 = Debug|x64
		Debug|x86 = Debug|x86
		Release|x64 = Release|x64
		Release|x86 = Release|x86
	EndGlobalSection
	GlobalSection(ProjectConfigurationPlatforms) = postSolution
		{E791C011-ED31-43C1-9510-92DFF5535318}.Debug|x64.ActiveCfg = Debug|x64
		{E791C011-ED31-43C1-9510-92DFF5535318}.Debug|x64.Build.0 = Debug|x64
		{E791C011-ED31-43C1-9510-92DFF5535318}.Debug|x86.ActiveCfg = Debug|Win32
		{E791C011-ED31-43C1-9510-92DFF5535318}.Debug|x86.Build.0 = Debug|Win32
		{E791C011-ED31-43C1-9510-92DFF5535318}.Release|x64.ActiveCfg = Release|x64
		{E791C011-ED31-43C1-9510-92DFF5535318}.Release|x64.Build.0 = Release|x64
		{E791C011-ED31-43C1-9510-92DFF5535318}.Release|x86.ActiveCfg = Release|Win32
		{E791C011-ED31-43C1-9510-92DFF5535318}.Release|x86.Build.0 = Release|Win32
	EndGlobalSection
	GlobalSection(SolutionProperties) = preSolution
		HideSolutionNode = FALSE
	EndGlobalSection
	GlobalSection(ExtensibilityGlobals) = postSolution
		SolutionGuid = {4B7F9BDA-737F-4E79-AEA2-ED02E66A4928}
	EndGlobalSection
EndGlobal
